
Microsoft Visual Studio Solution File, Format Version 12.00
# Visual Studio Version 17
VisualStudioVersion = 17.7.34018.315
MinimumVisualStudioVersion = 10.0.40219.1
Project("{9A19103F-16F7-4668-BE54-9A1E7A4F7556}") = "CamposRepresentacoes", "CamposRepresentacoes.csproj", "{13CA839C-6496-4FEE-8E50-9BA7DE15C79B}"
EndProject
Global
	GlobalSection(SolutionConfigurationPlatforms) = preSolution
		Debug|Any CPU = Debug|Any CPU
		Release|Any CPU = Release|Any CPU
	EndGlobalSection
	GlobalSection(ProjectConfigurationPlatforms) = postSolution
		{13CA839C-6496-4FEE-8E50-9BA7DE15C79B}.Debug|Any CPU.ActiveCfg = Debug|Any CPU
		{13CA839C-6496-4FEE-8E50-9BA7DE15C79B}.Debug|Any CPU.Build.0 = Debug|Any CPU
		{13CA839C-6496-4FEE-8E50-9BA7DE15C79B}.Release|Any CPU.ActiveCfg = Release|Any CPU
		{13CA839C-6496-4FEE-8E50-9BA7DE15C79B}.Release|Any CPU.Build.0 = Release|Any CPU
	EndGlobalSection
	GlobalSection(SolutionProperties) = preSolution
		HideSolutionNode = FALSE
	EndGlobalSection
	GlobalSection(ExtensibilityGlobals) = postSolution
		SolutionGuid = {3CA37C35-CA4B-4AAE-8250-50004061800A}
	EndGlobalSection
EndGlobal
